
Microsoft Visual Studio Solution File, Format Version 12.00
# Visual Studio 15
VisualStudioVersion = 15.0.27130.2020
MinimumVisualStudioVersion = 10.0.40219.1
Project("{9A19103F-16F7-4668-BE54-9A1E7A4F7556}") = "Sikiro.AkkaDB.Client", "Sikiro.AkkaDB.Client\Sikiro.AkkaDB.Client.csproj", "{9C23D591-C24A-4405-BA3A-84CAF95089C9}"
EndProject
Project("{9A19103F-16F7-4668-BE54-9A1E7A4F7556}") = "Sikiro.AkkaDB.Entity", "Sikiro.AkkaDB.Entity\Sikiro.AkkaDB.Entity.csproj", "{5D92085F-1336-4F89-BB23-54DD0C53BF1E}"
EndProject
Project("{9A19103F-16F7-4668-BE54-9A1E7A4F7556}") = "Sikiro.AkkaDB.Server", "Sikiro.AkkaDB.Server\Sikiro.AkkaDB.Server.csproj", "{131470D6-2310-4BA3-90EA-5773B8998694}"
EndProject
Global
	GlobalSection(SolutionConfigurationPlatforms) = preSolution
		Debug|Any CPU = Debug|Any CPU
		Release|Any CPU = Release|Any CPU
	EndGlobalSection
	GlobalSection(ProjectConfigurationPlatforms) = postSolution
		{9C23D591-C24A-4405-BA3A-84CAF95089C9}.Debug|Any CPU.ActiveCfg = Debug|Any CPU
		{9C23D591-C24A-4405-BA3A-84CAF95089C9}.Debug|Any CPU.Build.0 = Debug|Any CPU
		{9C23D591-C24A-4405-BA3A-84CAF95089C9}.Release|Any CPU.ActiveCfg = Release|Any CPU
		{9C23D591-C24A-4405-BA3A-84CAF95089C9}.Release|Any CPU.Build.0 = Release|Any CPU
		{5D92085F-1336-4F89-BB23-54DD0C53BF1E}.Debug|Any CPU.ActiveCfg = Debug|Any CPU
		{5D92085F-1336-4F89-BB23-54DD0C53BF1E}.Debug|Any CPU.Build.0 = Debug|Any CPU
		{5D92085F-1336-4F89-BB23-54DD0C53BF1E}.Release|Any CPU.ActiveCfg = Release|Any CPU
		{5D92085F-1336-4F89-BB23-54DD0C53BF1E}.Release|Any CPU.Build.0 = Release|Any CPU
		{131470D6-2310-4BA3-90EA-5773B8998694}.Debug|Any CPU.ActiveCfg = Debug|Any CPU
		{131470D6-2310-4BA3-90EA-5773B8998694}.Debug|Any CPU.Build.0 = Debug|Any CPU
		{131470D6-2310-4BA3-90EA-5773B8998694}.Release|Any CPU.ActiveCfg = Release|Any CPU
		{131470D6-2310-4BA3-90EA-5773B8998694}.Release|Any CPU.Build.0 = Release|Any CPU
	EndGlobalSection
	GlobalSection(SolutionProperties) = preSolution
		HideSolutionNode = FALSE
	EndGlobalSection
	GlobalSection(ExtensibilityGlobals) = postSolution
		SolutionGuid = {F47E399D-83B5-4EFD-859F-0995CEF507F4}
	EndGlobalSection
EndGlobal
